
Microsoft Visual Studio Solution File, Format Version 12.00
# Visual Studio 14
VisualStudioVersion = 14.0.24720.0
MinimumVisualStudioVersion = 10.0.40219.1
Project("{FAE04EC0-301F-11D3-BF4B-00C04F79EFBC}") = "WindowsFormsDemoQuizz", "WindowsFormsDemoQuizz\WindowsFormsDemoQuizz.csproj", "{4BB67165-3064-4647-8F3D-07C76812C9AE}"
EndProject
Global
	GlobalSection(SolutionConfigurationPlatforms) = preSolution
		Debug|Any CPU = Debug|Any CPU
		Release|Any CPU = Release|Any CPU
	EndGlobalSection
	GlobalSection(ProjectConfigurationPlatforms) = postSolution
		{4BB67165-3064-4647-8F3D-07C76812C9AE}.Debug|Any CPU.ActiveCfg = Debug|Any CPU
		{4BB67165-3064-4647-8F3D-07C76812C9AE}.Debug|Any CPU.Build.0 = Debug|Any CPU
		{4BB67165-3064-4647-8F3D-07C76812C9AE}.Release|Any CPU.ActiveCfg = Release|Any CPU
		{4BB67165-3064-4647-8F3D-07C76812C9AE}.Release|Any CPU.Build.0 = Release|Any CPU
	EndGlobalSection
	GlobalSection(SolutionProperties) = preSolution
		HideSolutionNode = FALSE
	EndGlobalSection
EndGlobal
